
Microsoft Visual Studio Solution File, Format Version 12.00
# Visual Studio Version 16
VisualStudioVersion = 16.0.32228.343
MinimumVisualStudioVersion = 10.0.40219.1
Project("{FAE04EC0-301F-11D3-BF4B-00C04F79EFBC}") = "DSPAddPlanet", "DSPAddPlanet\DSPAddPlanet.csproj", "{67157A1A-8F83-4B4B-A8B1-A279EDB9947D}"
EndProject
Global
	GlobalSection(SolutionConfigurationPlatforms) = preSolution
		Debug|Any CPU = Debug|Any CPU
		Release|Any CPU = Release|Any CPU
	EndGlobalSection
	GlobalSection(ProjectConfigurationPlatforms) = postSolution
		{67157A1A-8F83-4B4B-A8B1-A279EDB9947D}.Debug|Any CPU.ActiveCfg = Debug|Any CPU
		{67157A1A-8F83-4B4B-A8B1-A279EDB9947D}.Debug|Any CPU.Build.0 = Debug|Any CPU
		{67157A1A-8F83-4B4B-A8B1-A279EDB9947D}.Release|Any CPU.ActiveCfg = Release|Any CPU
		{67157A1A-8F83-4B4B-A8B1-A279EDB9947D}.Release|Any CPU.Build.0 = Release|Any CPU
	EndGlobalSection
	GlobalSection(SolutionProperties) = preSolution
		HideSolutionNode = FALSE
	EndGlobalSection
	GlobalSection(ExtensibilityGlobals) = postSolution
		SolutionGuid = {7954B4E9-D0E7-4F70-A140-2DD689E88E74}
	EndGlobalSection
EndGlobal
